<?xml version="1.0" encoding="utf-8"?>
<Project ToolsVersion="4.0" xmlns="http://schemas.microsoft.com/developer/msbuild/2003">
  <ItemGroup>
    <Filter Include="win32">
      <UniqueIdentifier>{84a8ebd7-7cf0-47f6-b75e-d441df67da40}</UniqueIdentifier>
    </Filter>
    <Filter Include="Classes">
      <UniqueIdentifier>{bb6c862e-70e9-49d9-81b7-3829a6f50471}</UniqueIdentifier>
    </Filter>
    <Filter Include="Classes\Layer">
      <UniqueIdentifier>{05f334ce-1b5d-4791-a785-b730032ff4bd}</UniqueIdentifier>
    </Filter>
    <Filter Include="Classes\Scene">
      <UniqueIdentifier>{6253934a-970b-4d83-893f-e359a5e9caa9}</UniqueIdentifier>
    </Filter>
    <Filter Include="Classes\Node">
      <UniqueIdentifier>{18a9c9b9-8dec-4912-82e5-4bbaa9a351a7}</UniqueIdentifier>
    </Filter>
  </ItemGroup>
  <ItemGroup>
    <ClCompile Include="main.cpp">
      <Filter>win32</Filter>
    </ClCompile>
    <ClCompile Include="..\Classes\AppDelegate.cpp">
      <Filter>Classes</Filter>
    </ClCompile>
    <ClCompile Include="..\Classes\PlayLayer.cpp">
      <Filter>Classes\Layer</Filter>
    </ClCompile>
    <ClCompile Include="..\Classes\GameScene.cpp">
      <Filter>Classes\Scene</Filter>
    </ClCompile>
    <ClCompile Include="..\Classes\Box.cpp">
      <Filter>Classes\Node</Filter>
    </ClCompile>
    <ClCompile Include="..\Classes\SelectScene.cpp">
      <Filter>Classes\Scene</Filter>
    </ClCompile>
    <ClCompile Include="..\Classes\SettingScene.cpp">
      <Filter>Classes\Scene</Filter>
    </ClCompile>
    <ClCompile Include="..\Classes\StartScene.cpp">
      <Filter>Classes\Scene</Filter>
    </ClCompile>
  </ItemGroup>
  <ItemGroup>
    <ClInclude Include="main.h">
      <Filter>win32</Filter>
    </ClInclude>
    <ClInclude Include="..\Classes\AppDelegate.h">
      <Filter>Classes</Filter>
    </ClInclude>
    <ClInclude Include="..\Classes\PlayLayer.h">
      <Filter>Classes\Layer</Filter>
    </ClInclude>
    <ClInclude Include="..\Classes\GameScene.h">
      <Filter>Classes\Scene</Filter>
    </ClInclude>
    <ClInclude Include="..\Classes\Box.h">
      <Filter>Classes\Node</Filter>
    </ClInclude>
    <ClInclude Include="..\Classes\GameDefine.h">
      <Filter>Classes</Filter>
    </ClInclude>
    <ClInclude Include="..\Classes\SelectScene.h">
      <Filter>Classes\Scene</Filter>
    </ClInclude>
    <ClInclude Include="..\Classes\SettingScene.h">
      <Filter>Classes\Scene</Filter>
    </ClInclude>
    <ClInclude Include="..\Classes\StartScene.h">
      <Filter>Classes\Scene</Filter>
    </ClInclude>
  </ItemGroup>
</Project>